
Microsoft Visual Studio Solution File, Format Version 12.00
# Visual Studio Version 16
VisualStudioVersion = 25.0.1705.4
MinimumVisualStudioVersion = 10.0.40219.1
Project("{FAE04EC0-301F-11D3-BF4B-00C04F79EFBC}") = "BlazorWebFullstackCrud.Server", "BlazorWebFullstackCrud\Server\BlazorWebFullstackCrud.Server.csproj", "{02297451-8749-4117-A236-FC99B77666A1}"
EndProject
Project("{FAE04EC0-301F-11D3-BF4B-00C04F79EFBC}") = "BlazorWebFullstackCrud.Client", "BlazorWebFullstackCrud\Client\BlazorWebFullstackCrud.Client.csproj", "{DB96D660-3DB6-4AA1-B6C6-FD64D467F366}"
EndProject
Project("{FAE04EC0-301F-11D3-BF4B-00C04F79EFBC}") = "BlazorWebFullstackCrud.Shared", "BlazorWebFullstackCrud\Shared\BlazorWebFullstackCrud.Shared.csproj", "{B9B0D33B-AC4E-4B7E-BE98-5065407F57DB}"
EndProject
Global
	GlobalSection(SolutionConfigurationPlatforms) = preSolution
		Debug|Any CPU = Debug|Any CPU
		Release|Any CPU = Release|Any CPU
	EndGlobalSection
	GlobalSection(ProjectConfigurationPlatforms) = postSolution
		{02297451-8749-4117-A236-FC99B77666A1}.Debug|Any CPU.ActiveCfg = Debug|Any CPU
		{02297451-8749-4117-A236-FC99B77666A1}.Debug|Any CPU.Build.0 = Debug|Any CPU
		{02297451-8749-4117-A236-FC99B77666A1}.Release|Any CPU.ActiveCfg = Release|Any CPU
		{02297451-8749-4117-A236-FC99B77666A1}.Release|Any CPU.Build.0 = Release|Any CPU
		{DB96D660-3DB6-4AA1-B6C6-FD64D467F366}.Debug|Any CPU.ActiveCfg = Debug|Any CPU
		{DB96D660-3DB6-4AA1-B6C6-FD64D467F366}.Debug|Any CPU.Build.0 = Debug|Any CPU
		{DB96D660-3DB6-4AA1-B6C6-FD64D467F366}.Release|Any CPU.ActiveCfg = Release|Any CPU
		{DB96D660-3DB6-4AA1-B6C6-FD64D467F366}.Release|Any CPU.Build.0 = Release|Any CPU
		{B9B0D33B-AC4E-4B7E-BE98-5065407F57DB}.Debug|Any CPU.ActiveCfg = Debug|Any CPU
		{B9B0D33B-AC4E-4B7E-BE98-5065407F57DB}.Debug|Any CPU.Build.0 = Debug|Any CPU
		{B9B0D33B-AC4E-4B7E-BE98-5065407F57DB}.Release|Any CPU.ActiveCfg = Release|Any CPU
		{B9B0D33B-AC4E-4B7E-BE98-5065407F57DB}.Release|Any CPU.Build.0 = Release|Any CPU
	EndGlobalSection
	GlobalSection(SolutionProperties) = preSolution
		HideSolutionNode = FALSE
	EndGlobalSection
	GlobalSection(ExtensibilityGlobals) = postSolution
		SolutionGuid = {8B42F076-1825-45AD-85B4-EE500F2568D5}
	EndGlobalSection
EndGlobal
